
Microsoft Visual Studio Solution File, Format Version 12.00
# Visual Studio Version 17
VisualStudioVersion = 17.14.36804.6 d17.14
MinimumVisualStudioVersion = 10.0.40219.1
Project("{FAE04EC0-301F-11D3-BF4B-00C04F79EFBC}") = "CatLaserProiect1", "CatLaserProiect1.csproj", "{B09305F7-3ED4-453E-A9AA-EEF2B6D49EEA}"
EndProject
Global
	GlobalSection(SolutionConfigurationPlatforms) = preSolution
		Debug|Any CPU = Debug|Any CPU
		Release|Any CPU = Release|Any CPU
	EndGlobalSection
	GlobalSection(ProjectConfigurationPlatforms) = postSolution
		{B09305F7-3ED4-453E-A9AA-EEF2B6D49EEA}.Debug|Any CPU.ActiveCfg = Debug|Any CPU
		{B09305F7-3ED4-453E-A9AA-EEF2B6D49EEA}.Debug|Any CPU.Build.0 = Debug|Any CPU
		{B09305F7-3ED4-453E-A9AA-EEF2B6D49EEA}.Release|Any CPU.ActiveCfg = Release|Any CPU
		{B09305F7-3ED4-453E-A9AA-EEF2B6D49EEA}.Release|Any CPU.Build.0 = Release|Any CPU
	EndGlobalSection
	GlobalSection(SolutionProperties) = preSolution
		HideSolutionNode = FALSE
	EndGlobalSection
	GlobalSection(ExtensibilityGlobals) = postSolution
		SolutionGuid = {DDC59A3E-1E5C-4261-93F4-ED3CB9058F65}
	EndGlobalSection
EndGlobal
